// !$*UTF8*$!
{
	archiveVersion = 1;
	classes = {
	};
	objectVersion = 77;
	objects = {

/* Begin PBXBuildFile section */
		8D02A8E42CADFC0600EBA532 /* Preview Assets.xcassets in Resources */ = {isa = PBXBuildFile; fileRef = 8D02A8DD2CADFC0600EBA532 /* Preview Assets.xcassets */; };
		8D02A8E52CADFC0600EBA532 /* Assets.xcassets in Resources */ = {isa = PBXBuildFile; fileRef = 8D02A8DF2CADFC0600EBA532 /* Assets.xcassets */; };
		8D02A8E62CADFC0600EBA532 /* ContentView.swift in Sources */ = {isa = PBXBuildFile; fileRef = 8D02A8E02CADFC0600EBA532 /* ContentView.swift */; };
		8D02A8E72CADFC0600EBA532 /* WeatherDemoApp.swift in Sources */ = {isa = PBXBuildFile; fileRef = 8D02A8E22CADFC0600EBA532 /* WeatherDemoApp.swift */; };
		8D02A8ED2CAE011B00EBA532 /* LocationManager.swift in Sources */ = {isa = PBXBuildFile; fileRef = 8D02A8EC2CAE011B00EBA532 /* LocationManager.swift */; };
		8D02A8EF2CAE021A00EBA532 /* WelcomeView.swift in Sources */ = {isa = PBXBuildFile; fileRef = 8D02A8EE2CAE021A00EBA532 /* WelcomeView.swift */; };
		8DBF2D452CB055520052526A /* LoadingView.swift in Sources */ = {isa = PBXBuildFile; fileRef = 8DBF2D442CB055520052526A /* LoadingView.swift */; };
		8DBF2D472CB058BD0052526A /* WeatherManager.swift in Sources */ = {isa = PBXBuildFile; fileRef = 8DBF2D462CB058BD0052526A /* WeatherManager.swift */; };
		8DBF2D4B2CB05DF80052526A /* WeatherView.swift in Sources */ = {isa = PBXBuildFile; fileRef = 8DBF2D4A2CB05DF80052526A /* WeatherView.swift */; };
		8DBF2D4F2CB05E8A0052526A /* ModelData.swift in Sources */ = {isa = PBXBuildFile; fileRef = 8DBF2D4E2CB05E8A0052526A /* ModelData.swift */; };
		8DBF2D552CB05FAE0052526A /* weatherData.json in Resources */ = {isa = PBXBuildFile; fileRef = 8DBF2D542CB05FAE0052526A /* weatherData.json */; };
		8DBF2D572CB060630052526A /* Extensions.swift in Sources */ = {isa = PBXBuildFile; fileRef = 8DBF2D562CB060630052526A /* Extensions.swift */; };
		8DBF2D622CB061D60052526A /* WeatherRow.swift in Sources */ = {isa = PBXBuildFile; fileRef = 8DBF2D612CB061D60052526A /* WeatherRow.swift */; };
/* End PBXBuildFile section */

/* Begin PBXContainerItemProxy section */
		8D02A8BD2CADFAB600EBA532 /* PBXContainerItemProxy */ = {
			isa = PBXContainerItemProxy;
			containerPortal = 8D02A8A32CADFAB400EBA532 /* Project object */;
			proxyType = 1;
			remoteGlobalIDString = 8D02A8AA2CADFAB400EBA532;
			remoteInfo = WeatherDemo;
		};
		8D02A8C72CADFAB600EBA532 /* PBXContainerItemProxy */ = {
			isa = PBXContainerItemProxy;
			containerPortal = 8D02A8A32CADFAB400EBA532 /* Project object */;
			proxyType = 1;
			remoteGlobalIDString = 8D02A8AA2CADFAB400EBA532;
			remoteInfo = WeatherDemo;
		};
/* End PBXContainerItemProxy section */

/* Begin PBXFileReference section */
		8D02A8AB2CADFAB400EBA532 /* WeatherDemo.app */ = {isa = PBXFileReference; explicitFileType = wrapper.application; includeInIndex = 0; path = WeatherDemo.app; sourceTree = BUILT_PRODUCTS_DIR; };
		8D02A8BC2CADFAB600EBA532 /* WeatherDemoTests.xctest */ = {isa = PBXFileReference; explicitFileType = wrapper.cfbundle; includeInIndex = 0; path = WeatherDemoTests.xctest; sourceTree = BUILT_PRODUCTS_DIR; };
		8D02A8C62CADFAB600EBA532 /* WeatherDemoUITests.xctest */ = {isa = PBXFileReference; explicitFileType = wrapper.cfbundle; includeInIndex = 0; path = WeatherDemoUITests.xctest; sourceTree = BUILT_PRODUCTS_DIR; };
		8D02A8DD2CADFC0600EBA532 /* Preview Assets.xcassets */ = {isa = PBXFileReference; lastKnownFileType = folder.assetcatalog; path = "Preview Assets.xcassets"; sourceTree = "<group>"; };
		8D02A8DF2CADFC0600EBA532 /* Assets.xcassets */ = {isa = PBXFileReference; lastKnownFileType = folder.assetcatalog; path = Assets.xcassets; sourceTree = "<group>"; };
		8D02A8E02CADFC0600EBA532 /* ContentView.swift */ = {isa = PBXFileReference; lastKnownFileType = sourcecode.swift; path = ContentView.swift; sourceTree = "<group>"; };
		8D02A8E12CADFC0600EBA532 /* WeatherDemo.entitlements */ = {isa = PBXFileReference; lastKnownFileType = text.plist.entitlements; path = WeatherDemo.entitlements; sourceTree = "<group>"; };
		8D02A8E22CADFC0600EBA532 /* WeatherDemoApp.swift */ = {isa = PBXFileReference; lastKnownFileType = sourcecode.swift; path = WeatherDemoApp.swift; sourceTree = "<group>"; };
		8D02A8EC2CAE011B00EBA532 /* LocationManager.swift */ = {isa = PBXFileReference; lastKnownFileType = sourcecode.swift; path = LocationManager.swift; sourceTree = "<group>"; };
		8D02A8EE2CAE021A00EBA532 /* WelcomeView.swift */ = {isa = PBXFileReference; lastKnownFileType = sourcecode.swift; path = WelcomeView.swift; sourceTree = "<group>"; };
		8DBF2D442CB055520052526A /* LoadingView.swift */ = {isa = PBXFileReference; lastKnownFileType = sourcecode.swift; path = LoadingView.swift; sourceTree = "<group>"; };
		8DBF2D462CB058BD0052526A /* WeatherManager.swift */ = {isa = PBXFileReference; lastKnownFileType = sourcecode.swift; path = WeatherManager.swift; sourceTree = "<group>"; };
		8DBF2D4A2CB05DF80052526A /* WeatherView.swift */ = {isa = PBXFileReference; lastKnownFileType = sourcecode.swift; path = WeatherView.swift; sourceTree = "<group>"; };
		8DBF2D4E2CB05E8A0052526A /* ModelData.swift */ = {isa = PBXFileReference; lastKnownFileType = sourcecode.swift; path = ModelData.swift; sourceTree = "<group>"; };
		8DBF2D542CB05FAE0052526A /* weatherData.json */ = {isa = PBXFileReference; lastKnownFileType = text.json; path = weatherData.json; sourceTree = "<group>"; };
		8DBF2D562CB060630052526A /* Extensions.swift */ = {isa = PBXFileReference; lastKnownFileType = sourcecode.swift; path = Extensions.swift; sourceTree = "<group>"; };
		8DBF2D612CB061D60052526A /* WeatherRow.swift */ = {isa = PBXFileReference; lastKnownFileType = sourcecode.swift; path = WeatherRow.swift; sourceTree = "<group>"; };
/* End PBXFileReference section */

/* Begin PBXFileSystemSynchronizedRootGroup section */
		8D02A8BF2CADFAB600EBA532 /* WeatherDemoTests */ = {
			isa = PBXFileSystemSynchronizedRootGroup;
			path = WeatherDemoTests;
			sourceTree = "<group>";
		};
		8D02A8C92CADFAB600EBA532 /* WeatherDemoUITests */ = {
			isa = PBXFileSystemSynchronizedRootGroup;
			path = WeatherDemoUITests;
			sourceTree = "<group>";
		};
/* End PBXFileSystemSynchronizedRootGroup section */

/* Begin PBXFrameworksBuildPhase section */
		8D02A8A82CADFAB400EBA532 /* Frameworks */ = {
			isa = PBXFrameworksBuildPhase;
			buildActionMask = 2147483647;
			files = (
			);
			runOnlyForDeploymentPostprocessing = 0;
		};
		8D02A8B92CADFAB600EBA532 /* Frameworks */ = {
			isa = PBXFrameworksBuildPhase;
			buildActionMask = 2147483647;
			files = (
			);
			runOnlyForDeploymentPostprocessing = 0;
		};
		8D02A8C32CADFAB600EBA532 /* Frameworks */ = {
			isa = PBXFrameworksBuildPhase;
			buildActionMask = 2147483647;
			files = (
			);
			runOnlyForDeploymentPostprocessing = 0;
		};
/* End PBXFrameworksBuildPhase section */

/* Begin PBXGroup section */
		8D02A8A22CADFAB400EBA532 = {
			isa = PBXGroup;
			children = (
				8D02A8BF2CADFAB600EBA532 /* WeatherDemoTests */,
				8D02A8C92CADFAB600EBA532 /* WeatherDemoUITests */,
				8D02A8E32CADFC0600EBA532 /* WeatherDemo */,
				8D02A8AC2CADFAB400EBA532 /* Products */,
			);
			sourceTree = "<group>";
		};
		8D02A8AC2CADFAB400EBA532 /* Products */ = {
			isa = PBXGroup;
			children = (
				8D02A8AB2CADFAB400EBA532 /* WeatherDemo.app */,
				8D02A8BC2CADFAB600EBA532 /* WeatherDemoTests.xctest */,
				8D02A8C62CADFAB600EBA532 /* WeatherDemoUITests.xctest */,
			);
			name = Products;
			sourceTree = "<group>";
		};
		8D02A8DE2CADFC0600EBA532 /* Preview Content */ = {
			isa = PBXGroup;
			children = (
				8D02A8DD2CADFC0600EBA532 /* Preview Assets.xcassets */,
				8DBF2D4E2CB05E8A0052526A /* ModelData.swift */,
				8DBF2D542CB05FAE0052526A /* weatherData.json */,
			);
			path = "Preview Content";
			sourceTree = "<group>";
		};
		8D02A8E32CADFC0600EBA532 /* WeatherDemo */ = {
			isa = PBXGroup;
			children = (
				8DBF2D582CB061150052526A /* Components */,
				8D02A8EB2CADFE7700EBA532 /* Views */,
				8D02A8E82CADFC1200EBA532 /* Managers */,
				8D02A8DE2CADFC0600EBA532 /* Preview Content */,
				8D02A8DF2CADFC0600EBA532 /* Assets.xcassets */,
				8D02A8E12CADFC0600EBA532 /* WeatherDemo.entitlements */,
				8D02A8E22CADFC0600EBA532 /* WeatherDemoApp.swift */,
				8DBF2D562CB060630052526A /* Extensions.swift */,
			);
			path = WeatherDemo;
			sourceTree = "<group>";
		};
		8D02A8E82CADFC1200EBA532 /* Managers */ = {
			isa = PBXGroup;
			children = (
				8D02A8EC2CAE011B00EBA532 /* LocationManager.swift */,
				8DBF2D462CB058BD0052526A /* WeatherManager.swift */,
			);
			path = Managers;
			sourceTree = "<group>";
		};
		8D02A8EB2CADFE7700EBA532 /* Views */ = {
			isa = PBXGroup;
			children = (
				8D02A8E02CADFC0600EBA532 /* ContentView.swift */,
				8D02A8EE2CAE021A00EBA532 /* WelcomeView.swift */,
				8DBF2D442CB055520052526A /* LoadingView.swift */,
				8DBF2D4A2CB05DF80052526A /* WeatherView.swift */,
			);
			path = Views;
			sourceTree = "<group>";
		};
		8DBF2D582CB061150052526A /* Components */ = {
			isa = PBXGroup;
			children = (
				8DBF2D612CB061D60052526A /* WeatherRow.swift */,
			);
			path = Components;
			sourceTree = "<group>";
		};
/* End PBXGroup section */

/* Begin PBXNativeTarget section */
		8D02A8AA2CADFAB400EBA532 /* WeatherDemo */ = {
			isa = PBXNativeTarget;
			buildConfigurationList = 8D02A8D02CADFAB600EBA532 /* Build configuration list for PBXNativeTarget "WeatherDemo" */;
			buildPhases = (
				8D02A8A72CADFAB400EBA532 /* Sources */,
				8D02A8A82CADFAB400EBA532 /* Frameworks */,
				8D02A8A92CADFAB400EBA532 /* Resources */,
			);
			buildRules = (
			);
			dependencies = (
			);
			name = WeatherDemo;
			packageProductDependencies = (
			);
			productName = WeatherDemo;
			productReference = 8D02A8AB2CADFAB400EBA532 /* WeatherDemo.app */;
			productType = "com.apple.product-type.application";
		};
		8D02A8BB2CADFAB600EBA532 /* WeatherDemoTests */ = {
			isa = PBXNativeTarget;
			buildConfigurationList = 8D02A8D32CADFAB600EBA532 /* Build configuration list for PBXNativeTarget "WeatherDemoTests" */;
			buildPhases = (
				8D02A8B82CADFAB600EBA532 /* Sources */,
				8D02A8B92CADFAB600EBA532 /* Frameworks */,
				8D02A8BA2CADFAB600EBA532 /* Resources */,
			);
			buildRules = (
			);
			dependencies = (
				8D02A8BE2CADFAB600EBA532 /* PBXTargetDependency */,
			);
			fileSystemSynchronizedGroups = (
				8D02A8BF2CADFAB600EBA532 /* WeatherDemoTests */,
			);
			name = WeatherDemoTests;
			packageProductDependencies = (
			);
			productName = WeatherDemoTests;
			productReference = 8D02A8BC2CADFAB600EBA532 /* WeatherDemoTests.xctest */;
			productType = "com.apple.product-type.bundle.unit-test";
		};
		8D02A8C52CADFAB600EBA532 /* WeatherDemoUITests */ = {
			isa = PBXNativeTarget;
			buildConfigurationList = 8D02A8D62CADFAB600EBA532 /* Build configuration list for PBXNativeTarget "WeatherDemoUITests" */;
			buildPhases = (
				8D02A8C22CADFAB600EBA532 /* Sources */,
				8D02A8C32CADFAB600EBA532 /* Frameworks */,
				8D02A8C42CADFAB600EBA532 /* Resources */,
			);
			buildRules = (
			);
			dependencies = (
				8D02A8C82CADFAB600EBA532 /* PBXTargetDependency */,
			);
			fileSystemSynchronizedGroups = (
				8D02A8C92CADFAB600EBA532 /* WeatherDemoUITests */,
			);
			name = WeatherDemoUITests;
			packageProductDependencies = (
			);
			productName = WeatherDemoUITests;
			productReference = 8D02A8C62CADFAB600EBA532 /* WeatherDemoUITests.xctest */;
			productType = "com.apple.product-type.bundle.ui-testing";
		};
/* End PBXNativeTarget section */

/* Begin PBXProject section */
		8D02A8A32CADFAB400EBA532 /* Project object */ = {
			isa = PBXProject;
			attributes = {
				BuildIndependentTargetsInParallel = 1;
				LastSwiftUpdateCheck = 1600;
				LastUpgradeCheck = 1600;
				TargetAttributes = {
					8D02A8AA2CADFAB400EBA532 = {
						CreatedOnToolsVersion = 16.0;
					};
					8D02A8BB2CADFAB600EBA532 = {
						CreatedOnToolsVersion = 16.0;
						TestTargetID = 8D02A8AA2CADFAB400EBA532;
					};
					8D02A8C52CADFAB600EBA532 = {
						CreatedOnToolsVersion = 16.0;
						TestTargetID = 8D02A8AA2CADFAB400EBA532;
					};
				};
			};
			buildConfigurationList = 8D02A8A62CADFAB400EBA532 /* Build configuration list for PBXProject "WeatherDemo" */;
			developmentRegion = en;
			hasScannedForEncodings = 0;
			knownRegions = (
				en,
				Base,
			);
			mainGroup = 8D02A8A22CADFAB400EBA532;
			minimizedProjectReferenceProxies = 1;
			preferredProjectObjectVersion = 77;
			productRefGroup = 8D02A8AC2CADFAB400EBA532 /* Products */;
			projectDirPath = "";
			projectRoot = "";
			targets = (
				8D02A8AA2CADFAB400EBA532 /* WeatherDemo */,
				8D02A8BB2CADFAB600EBA532 /* WeatherDemoTests */,
				8D02A8C52CADFAB600EBA532 /* WeatherDemoUITests */,
			);
		};
/* End PBXProject section */

/* Begin PBXResourcesBuildPhase section */
		8D02A8A92CADFAB400EBA532 /* Resources */ = {
			isa = PBXResourcesBuildPhase;
			buildActionMask = 2147483647;
			files = (
				8D02A8E42CADFC0600EBA532 /* Preview Assets.xcassets in Resources */,
				8DBF2D552CB05FAE0052526A /* weatherData.json in Resources */,
				8D02A8E52CADFC0600EBA532 /* Assets.xcassets in Resources */,
			);
			runOnlyForDeploymentPostprocessing = 0;
		};
		8D02A8BA2CADFAB600EBA532 /* Resources */ = {
			isa = PBXResourcesBuildPhase;
			buildActionMask = 2147483647;
			files = (
			);
			runOnlyForDeploymentPostprocessing = 0;
		};
		8D02A8C42CADFAB600EBA532 /* Resources */ = {
			isa = PBXResourcesBuildPhase;
			buildActionMask = 2147483647;
			files = (
			);
			runOnlyForDeploymentPostprocessing = 0;
		};
/* End PBXResourcesBuildPhase section */

/* Begin PBXSourcesBuildPhase section */
		8D02A8A72CADFAB400EBA532 /* Sources */ = {
			isa = PBXSourcesBuildPhase;
			buildActionMask = 2147483647;
			files = (
				8DBF2D472CB058BD0052526A /* WeatherManager.swift in Sources */,
				8DBF2D572CB060630052526A /* Extensions.swift in Sources */,
				8D02A8E62CADFC0600EBA532 /* ContentView.swift in Sources */,
				8D02A8E72CADFC0600EBA532 /* WeatherDemoApp.swift in Sources */,
				8D02A8ED2CAE011B00EBA532 /* LocationManager.swift in Sources */,
				8DBF2D622CB061D60052526A /* WeatherRow.swift in Sources */,
				8DBF2D452CB055520052526A /* LoadingView.swift in Sources */,
				8DBF2D4F2CB05E8A0052526A /* ModelData.swift in Sources */,
				8DBF2D4B2CB05DF80052526A /* WeatherView.swift in Sources */,
				8D02A8EF2CAE021A00EBA532 /* WelcomeView.swift in Sources */,
			);
			runOnlyForDeploymentPostprocessing = 0;
		};
		8D02A8B82CADFAB600EBA532 /* Sources */ = {
			isa = PBXSourcesBuildPhase;
			buildActionMask = 2147483647;
			files = (
			);
			runOnlyForDeploymentPostprocessing = 0;
		};
		8D02A8C22CADFAB600EBA532 /* Sources */ = {
			isa = PBXSourcesBuildPhase;
			buildActionMask = 2147483647;
			files = (
			);
			runOnlyForDeploymentPostprocessing = 0;
		};
/* End PBXSourcesBuildPhase section */

/* Begin PBXTargetDependency section */
		8D02A8BE2CADFAB600EBA532 /* PBXTargetDependency */ = {
			isa = PBXTargetDependency;
			target = 8D02A8AA2CADFAB400EBA532 /* WeatherDemo */;
			targetProxy = 8D02A8BD2CADFAB600EBA532 /* PBXContainerItemProxy */;
		};
		8D02A8C82CADFAB600EBA532 /* PBXTargetDependency */ = {
			isa = PBXTargetDependency;
			target = 8D02A8AA2CADFAB400EBA532 /* WeatherDemo */;
			targetProxy = 8D02A8C72CADFAB600EBA532 /* PBXContainerItemProxy */;
		};
/* End PBXTargetDependency section */

/* Begin XCBuildConfiguration section */
		8D02A8CE2CADFAB600EBA532 /* Debug */ = {
			isa = XCBuildConfiguration;
			buildSettings = {
				ALWAYS_SEARCH_USER_PATHS = NO;
				ASSETCATALOG_COMPILER_GENERATE_SWIFT_ASSET_SYMBOL_EXTENSIONS = YES;
				CLANG_ANALYZER_NONNULL = YES;
				CLANG_ANALYZER_NUMBER_OBJECT_CONVERSION = YES_AGGRESSIVE;
				CLANG_CXX_LANGUAGE_STANDARD = "gnu++20";
				CLANG_ENABLE_MODULES = YES;
				CLANG_ENABLE_OBJC_ARC = YES;
				CLANG_ENABLE_OBJC_WEAK = YES;
				CLANG_WARN_BLOCK_CAPTURE_AUTORELEASING = YES;
				CLANG_WARN_BOOL_CONVERSION = YES;
				CLANG_WARN_COMMA = YES;
				CLANG_WARN_CONSTANT_CONVERSION = YES;
				CLANG_WARN_DEPRECATED_OBJC_IMPLEMENTATIONS = YES;
				CLANG_WARN_DIRECT_OBJC_ISA_USAGE = YES_ERROR;
				CLANG_WARN_DOCUMENTATION_COMMENTS = YES;
				CLANG_WARN_EMPTY_BODY = YES;
				CLANG_WARN_ENUM_CONVERSION = YES;
				CLANG_WARN_INFINITE_RECURSION = YES;
				CLANG_WARN_INT_CONVERSION = YES;
				CLANG_WARN_NON_LITERAL_NULL_CONVERSION = YES;
				CLANG_WARN_OBJC_IMPLICIT_RETAIN_SELF = YES;
				CLANG_WARN_OBJC_LITERAL_CONVERSION = YES;
				CLANG_WARN_OBJC_ROOT_CLASS = YES_ERROR;
				CLANG_WARN_QUOTED_INCLUDE_IN_FRAMEWORK_HEADER = YES;
				CLANG_WARN_RANGE_LOOP_ANALYSIS = YES;
				CLANG_WARN_STRICT_PROTOTYPES = YES;
				CLANG_WARN_SUSPICIOUS_MOVE = YES;
				CLANG_WARN_UNGUARDED_AVAILABILITY = YES_AGGRESSIVE;
				CLANG_WARN_UNREACHABLE_CODE = YES;
				CLANG_WARN__DUPLICATE_METHOD_MATCH = YES;
				COPY_PHASE_STRIP = NO;
				DEBUG_INFORMATION_FORMAT = dwarf;
				ENABLE_STRICT_OBJC_MSGSEND = YES;
				ENABLE_TESTABILITY = YES;
				ENABLE_USER_SCRIPT_SANDBOXING = YES;
				GCC_C_LANGUAGE_STANDARD = gnu17;
				GCC_DYNAMIC_NO_PIC = NO;
				GCC_NO_COMMON_BLOCKS = YES;
				GCC_OPTIMIZATION_LEVEL = 0;
				GCC_PREPROCESSOR_DEFINITIONS = (
					"DEBUG=1",
					"$(inherited)",
				);
				GCC_WARN_64_TO_32_BIT_CONVERSION = YES;
				GCC_WARN_ABOUT_RETURN_TYPE = YES_ERROR;
				GCC_WARN_UNDECLARED_SELECTOR = YES;
				GCC_WARN_UNINITIALIZED_AUTOS = YES_AGGRESSIVE;
				GCC_WARN_UNUSED_FUNCTION = YES;
				GCC_WARN_UNUSED_VARIABLE = YES;
				LOCALIZATION_PREFERS_STRING_CATALOGS = YES;
				MTL_ENABLE_DEBUG_INFO = INCLUDE_SOURCE;
				MTL_FAST_MATH = YES;
				ONLY_ACTIVE_ARCH = YES;
				SWIFT_ACTIVE_COMPILATION_CONDITIONS = "DEBUG $(inherited)";
				SWIFT_OPTIMIZATION_LEVEL = "-Onone";
			};
			name = Debug;
		};
		8D02A8CF2CADFAB600EBA532 /* Release */ = {
			isa = XCBuildConfiguration;
			buildSettings = {
				ALWAYS_SEARCH_USER_PATHS = NO;
				ASSETCATALOG_COMPILER_GENERATE_SWIFT_ASSET_SYMBOL_EXTENSIONS = YES;
				CLANG_ANALYZER_NONNULL = YES;
				CLANG_ANALYZER_NUMBER_OBJECT_CONVERSION = YES_AGGRESSIVE;
				CLANG_CXX_LANGUAGE_STANDARD = "gnu++20";
				CLANG_ENABLE_MODULES = YES;
				CLANG_ENABLE_OBJC_ARC = YES;
				CLANG_ENABLE_OBJC_WEAK = YES;
				CLANG_WARN_BLOCK_CAPTURE_AUTORELEASING = YES;
				CLANG_WARN_BOOL_CONVERSION = YES;
				CLANG_WARN_COMMA = YES;
				CLANG_WARN_CONSTANT_CONVERSION = YES;
				CLANG_WARN_DEPRECATED_OBJC_IMPLEMENTATIONS = YES;
				CLANG_WARN_DIRECT_OBJC_ISA_USAGE = YES_ERROR;
				CLANG_WARN_DOCUMENTATION_COMMENTS = YES;
				CLANG_WARN_EMPTY_BODY = YES;
				CLANG_WARN_ENUM_CONVERSION = YES;
				CLANG_WARN_INFINITE_RECURSION = YES;
				CLANG_WARN_INT_CONVERSION = YES;
				CLANG_WARN_NON_LITERAL_NULL_CONVERSION = YES;
				CLANG_WARN_OBJC_IMPLICIT_RETAIN_SELF = YES;
				CLANG_WARN_OBJC_LITERAL_CONVERSION = YES;
				CLANG_WARN_OBJC_ROOT_CLASS = YES_ERROR;
				CLANG_WARN_QUOTED_INCLUDE_IN_FRAMEWORK_HEADER = YES;
				CLANG_WARN_RANGE_LOOP_ANALYSIS = YES;
				CLANG_WARN_STRICT_PROTOTYPES = YES;
				CLANG_WARN_SUSPICIOUS_MOVE = YES;
				CLANG_WARN_UNGUARDED_AVAILABILITY = YES_AGGRESSIVE;
				CLANG_WARN_UNREACHABLE_CODE = YES;
				CLANG_WARN__DUPLICATE_METHOD_MATCH = YES;
				COPY_PHASE_STRIP = NO;
				DEBUG_INFORMATION_FORMAT = "dwarf-with-dsym";
				ENABLE_NS_ASSERTIONS = NO;
				ENABLE_STRICT_OBJC_MSGSEND = YES;
				ENABLE_USER_SCRIPT_SANDBOXING = YES;
				GCC_C_LANGUAGE_STANDARD = gnu17;
				GCC_NO_COMMON_BLOCKS = YES;
				GCC_WARN_64_TO_32_BIT_CONVERSION = YES;
				GCC_WARN_ABOUT_RETURN_TYPE = YES_ERROR;
				GCC_WARN_UNDECLARED_SELECTOR = YES;
				GCC_WARN_UNINITIALIZED_AUTOS = YES_AGGRESSIVE;
				GCC_WARN_UNUSED_FUNCTION = YES;
				GCC_WARN_UNUSED_VARIABLE = YES;
				LOCALIZATION_PREFERS_STRING_CATALOGS = YES;
				MTL_ENABLE_DEBUG_INFO = NO;
				MTL_FAST_MATH = YES;
				SWIFT_COMPILATION_MODE = wholemodule;
			};
			name = Release;
		};
		8D02A8D12CADFAB600EBA532 /* Debug */ = {
			isa = XCBuildConfiguration;
			buildSettings = {
				ASSETCATALOG_COMPILER_APPICON_NAME = AppIcon;
				ASSETCATALOG_COMPILER_GLOBAL_ACCENT_COLOR_NAME = AccentColor;
				CODE_SIGN_ENTITLEMENTS = WeatherDemo/WeatherDemo.entitlements;
				CODE_SIGN_STYLE = Automatic;
				CURRENT_PROJECT_VERSION = 1;
				DEVELOPMENT_ASSET_PATHS = "\"WeatherDemo/Preview Content\"";
				DEVELOPMENT_TEAM = SY27SHN99K;
				ENABLE_HARDENED_RUNTIME = YES;
				ENABLE_PREVIEWS = YES;
				GENERATE_INFOPLIST_FILE = YES;
				"INFOPLIST_KEY_UIApplicationSceneManifest_Generation[sdk=iphoneos*]" = YES;
				"INFOPLIST_KEY_UIApplicationSceneManifest_Generation[sdk=iphonesimulator*]" = YES;
				"INFOPLIST_KEY_UIApplicationSupportsIndirectInputEvents[sdk=iphoneos*]" = YES;
				"INFOPLIST_KEY_UIApplicationSupportsIndirectInputEvents[sdk=iphonesimulator*]" = YES;
				"INFOPLIST_KEY_UILaunchScreen_Generation[sdk=iphoneos*]" = YES;
				"INFOPLIST_KEY_UILaunchScreen_Generation[sdk=iphonesimulator*]" = YES;
				INFOPLIST_KEY_UIStatusBarStyle = "";
				"INFOPLIST_KEY_UIStatusBarStyle[sdk=iphoneos*]" = UIStatusBarStyleDefault;
				"INFOPLIST_KEY_UIStatusBarStyle[sdk=iphonesimulator*]" = UIStatusBarStyleDefault;
				INFOPLIST_KEY_UISupportedInterfaceOrientations = UIInterfaceOrientationPortrait;
				INFOPLIST_KEY_UISupportedInterfaceOrientations_iPad = "UIInterfaceOrientationLandscapeLeft UIInterfaceOrientationLandscapeRight UIInterfaceOrientationPortrait UIInterfaceOrientationPortraitUpsideDown";
				IPHONEOS_DEPLOYMENT_TARGET = 18.0;
				LD_RUNPATH_SEARCH_PATHS = "@executable_path/Frameworks";
				"LD_RUNPATH_SEARCH_PATHS[sdk=macosx*]" = "@executable_path/../Frameworks";
				MACOSX_DEPLOYMENT_TARGET = 15.0;
				MARKETING_VERSION = 1.0;
				PRODUCT_BUNDLE_IDENTIFIER = com.khito.WeatherDemo;
				PRODUCT_NAME = "$(TARGET_NAME)";
				SDKROOT = auto;
				SUPPORTED_PLATFORMS = "iphoneos iphonesimulator";
				SUPPORTS_MACCATALYST = NO;
				SWIFT_EMIT_LOC_STRINGS = YES;
				SWIFT_VERSION = 5.0;
				TARGETED_DEVICE_FAMILY = 1;
				XROS_DEPLOYMENT_TARGET = 2.0;
			};
			name = Debug;
		};
		8D02A8D22CADFAB600EBA532 /* Release */ = {
			isa = XCBuildConfiguration;
			buildSettings = {
				ASSETCATALOG_COMPILER_APPICON_NAME = AppIcon;
				ASSETCATALOG_COMPILER_GLOBAL_ACCENT_COLOR_NAME = AccentColor;
				CODE_SIGN_ENTITLEMENTS = WeatherDemo/WeatherDemo.entitlements;
				CODE_SIGN_STYLE = Automatic;
				CURRENT_PROJECT_VERSION = 1;
				DEVELOPMENT_ASSET_PATHS = "\"WeatherDemo/Preview Content\"";
				DEVELOPMENT_TEAM = SY27SHN99K;
				ENABLE_HARDENED_RUNTIME = YES;
				ENABLE_PREVIEWS = YES;
				GENERATE_INFOPLIST_FILE = YES;
				"INFOPLIST_KEY_UIApplicationSceneManifest_Generation[sdk=iphoneos*]" = YES;
				"INFOPLIST_KEY_UIApplicationSceneManifest_Generation[sdk=iphonesimulator*]" = YES;
				"INFOPLIST_KEY_UIApplicationSupportsIndirectInputEvents[sdk=iphoneos*]" = YES;
				"INFOPLIST_KEY_UIApplicationSupportsIndirectInputEvents[sdk=iphonesimulator*]" = YES;
				"INFOPLIST_KEY_UILaunchScreen_Generation[sdk=iphoneos*]" = YES;
				"INFOPLIST_KEY_UILaunchScreen_Generation[sdk=iphonesimulator*]" = YES;
				INFOPLIST_KEY_UIStatusBarStyle = "";
				"INFOPLIST_KEY_UIStatusBarStyle[sdk=iphoneos*]" = UIStatusBarStyleDefault;
				"INFOPLIST_KEY_UIStatusBarStyle[sdk=iphonesimulator*]" = UIStatusBarStyleDefault;
				INFOPLIST_KEY_UISupportedInterfaceOrientations = UIInterfaceOrientationPortrait;
				INFOPLIST_KEY_UISupportedInterfaceOrientations_iPad = "UIInterfaceOrientationLandscapeLeft UIInterfaceOrientationLandscapeRight UIInterfaceOrientationPortrait UIInterfaceOrientationPortraitUpsideDown";
				IPHONEOS_DEPLOYMENT_TARGET = 18.0;
				LD_RUNPATH_SEARCH_PATHS = "@executable_path/Frameworks";
				"LD_RUNPATH_SEARCH_PATHS[sdk=macosx*]" = "@executable_path/../Frameworks";
				MACOSX_DEPLOYMENT_TARGET = 15.0;
				MARKETING_VERSION = 1.0;
				PRODUCT_BUNDLE_IDENTIFIER = com.khito.WeatherDemo;
				PRODUCT_NAME = "$(TARGET_NAME)";
				SDKROOT = auto;
				SUPPORTED_PLATFORMS = "iphoneos iphonesimulator";
				SUPPORTS_MACCATALYST = NO;
				SWIFT_EMIT_LOC_STRINGS = YES;
				SWIFT_VERSION = 5.0;
				TARGETED_DEVICE_FAMILY = 1;
				XROS_DEPLOYMENT_TARGET = 2.0;
			};
			name = Release;
		};
		8D02A8D42CADFAB600EBA532 /* Debug */ = {
			isa = XCBuildConfiguration;
			buildSettings = {
				BUNDLE_LOADER = "$(TEST_HOST)";
				CODE_SIGN_STYLE = Automatic;
				CURRENT_PROJECT_VERSION = 1;
				DEVELOPMENT_TEAM = SY27SHN99K;
				GENERATE_INFOPLIST_FILE = YES;
				IPHONEOS_DEPLOYMENT_TARGET = 18.0;
				MACOSX_DEPLOYMENT_TARGET = 15.0;
				MARKETING_VERSION = 1.0;
				PRODUCT_BUNDLE_IDENTIFIER = com.khito.WeatherDemoTests;
				PRODUCT_NAME = "$(TARGET_NAME)";
				SDKROOT = auto;
				SUPPORTED_PLATFORMS = "iphoneos iphonesimulator macosx xros xrsimulator";
				SWIFT_EMIT_LOC_STRINGS = NO;
				SWIFT_VERSION = 5.0;
				TARGETED_DEVICE_FAMILY = "1,2,7";
				TEST_HOST = "$(BUILT_PRODUCTS_DIR)/WeatherDemo.app/$(BUNDLE_EXECUTABLE_FOLDER_PATH)/WeatherDemo";
				XROS_DEPLOYMENT_TARGET = 2.0;
			};
			name = Debug;
		};
		8D02A8D52CADFAB600EBA532 /* Release */ = {
			isa = XCBuildConfiguration;
			buildSettings = {
				BUNDLE_LOADER = "$(TEST_HOST)";
				CODE_SIGN_STYLE = Automatic;
				CURRENT_PROJECT_VERSION = 1;
				DEVELOPMENT_TEAM = SY27SHN99K;
				GENERATE_INFOPLIST_FILE = YES;
				IPHONEOS_DEPLOYMENT_TARGET = 18.0;
				MACOSX_DEPLOYMENT_TARGET = 15.0;
				MARKETING_VERSION = 1.0;
				PRODUCT_BUNDLE_IDENTIFIER = com.khito.WeatherDemoTests;
				PRODUCT_NAME = "$(TARGET_NAME)";
				SDKROOT = auto;
				SUPPORTED_PLATFORMS = "iphoneos iphonesimulator macosx xros xrsimulator";
				SWIFT_EMIT_LOC_STRINGS = NO;
				SWIFT_VERSION = 5.0;
				TARGETED_DEVICE_FAMILY = "1,2,7";
				TEST_HOST = "$(BUILT_PRODUCTS_DIR)/WeatherDemo.app/$(BUNDLE_EXECUTABLE_FOLDER_PATH)/WeatherDemo";
				XROS_DEPLOYMENT_TARGET = 2.0;
			};
			name = Release;
		};
		8D02A8D72CADFAB600EBA532 /* Debug */ = {
			isa = XCBuildConfiguration;
			buildSettings = {
				CODE_SIGN_STYLE = Automatic;
				CURRENT_PROJECT_VERSION = 1;
				DEVELOPMENT_TEAM = SY27SHN99K;
				GENERATE_INFOPLIST_FILE = YES;
				IPHONEOS_DEPLOYMENT_TARGET = 18.0;
				MACOSX_DEPLOYMENT_TARGET = 15.0;
				MARKETING_VERSION = 1.0;
				PRODUCT_BUNDLE_IDENTIFIER = com.khito.WeatherDemoUITests;
				PRODUCT_NAME = "$(TARGET_NAME)";
				SDKROOT = auto;
				SUPPORTED_PLATFORMS = "iphoneos iphonesimulator macosx xros xrsimulator";
				SWIFT_EMIT_LOC_STRINGS = NO;
				SWIFT_VERSION = 5.0;
				TARGETED_DEVICE_FAMILY = "1,2,7";
				TEST_TARGET_NAME = WeatherDemo;
				XROS_DEPLOYMENT_TARGET = 2.0;
			};
			name = Debug;
		};
		8D02A8D82CADFAB600EBA532 /* Release */ = {
			isa = XCBuildConfiguration;
			buildSettings = {
				CODE_SIGN_STYLE = Automatic;
				CURRENT_PROJECT_VERSION = 1;
				DEVELOPMENT_TEAM = SY27SHN99K;
				GENERATE_INFOPLIST_FILE = YES;
				IPHONEOS_DEPLOYMENT_TARGET = 18.0;
				MACOSX_DEPLOYMENT_TARGET = 15.0;
				MARKETING_VERSION = 1.0;
				PRODUCT_BUNDLE_IDENTIFIER = com.khito.WeatherDemoUITests;
				PRODUCT_NAME = "$(TARGET_NAME)";
				SDKROOT = auto;
				SUPPORTED_PLATFORMS = "iphoneos iphonesimulator macosx xros xrsimulator";
				SWIFT_EMIT_LOC_STRINGS = NO;
				SWIFT_VERSION = 5.0;
				TARGETED_DEVICE_FAMILY = "1,2,7";
				TEST_TARGET_NAME = WeatherDemo;
				XROS_DEPLOYMENT_TARGET = 2.0;
			};
			name = Release;
		};
/* End XCBuildConfiguration section */

/* Begin XCConfigurationList section */
		8D02A8A62CADFAB400EBA532 /* Build configuration list for PBXProject "WeatherDemo" */ = {
			isa = XCConfigurationList;
			buildConfigurations = (
				8D02A8CE2CADFAB600EBA532 /* Debug */,
				8D02A8CF2CADFAB600EBA532 /* Release */,
			);
			defaultConfigurationIsVisible = 0;
			defaultConfigurationName = Release;
		};
		8D02A8D02CADFAB600EBA532 /* Build configuration list for PBXNativeTarget "WeatherDemo" */ = {
			isa = XCConfigurationList;
			buildConfigurations = (
				8D02A8D12CADFAB600EBA532 /* Debug */,
				8D02A8D22CADFAB600EBA532 /* Release */,
			);
			defaultConfigurationIsVisible = 0;
			defaultConfigurationName = Release;
		};
		8D02A8D32CADFAB600EBA532 /* Build configuration list for PBXNativeTarget "WeatherDemoTests" */ = {
			isa = XCConfigurationList;
			buildConfigurations = (
				8D02A8D42CADFAB600EBA532 /* Debug */,
				8D02A8D52CADFAB600EBA532 /* Release */,
			);
			defaultConfigurationIsVisible = 0;
			defaultConfigurationName = Release;
		};
		8D02A8D62CADFAB600EBA532 /* Build configuration list for PBXNativeTarget "WeatherDemoUITests" */ = {
			isa = XCConfigurationList;
			buildConfigurations = (
				8D02A8D72CADFAB600EBA532 /* Debug */,
				8D02A8D82CADFAB600EBA532 /* Release */,
			);
			defaultConfigurationIsVisible = 0;
			defaultConfigurationName = Release;
		};
/* End XCConfigurationList section */
	};
	rootObject = 8D02A8A32CADFAB400EBA532 /* Project object */;
}
